
Microsoft Visual Studio Solution File, Format Version 12.00
# Visual Studio Version 17
VisualStudioVersion = 17.0.31903.59
MinimumVisualStudioVersion = 10.0.40219.1
Project("{FAE04EC0-301F-11D3-BF4B-00C04F79EFBC}") = "QuestionnaireSystem.Core", "src\QuestionnaireSystem.Core\QuestionnaireSystem.Core.csproj", "{A1B2C3D4-E5F6-7890-ABCD-EF1234567890}"
EndProject
Project("{FAE04EC0-301F-11D3-BF4B-00C04F79EFBC}") = "QuestionnaireSystem.Infrastructure", "src\QuestionnaireSystem.Infrastructure\QuestionnaireSystem.Infrastructure.csproj", "{ABF22F5F-5802-468B-9427-3F473C53999E}"
EndProject
Project("{FAE04EC0-301F-11D3-BF4B-00C04F79EFBC}") = "QuestionnaireSystem.API", "src\QuestionnaireSystem.API\QuestionnaireSystem.API.csproj", "{63F61B98-3F81-448F-9A19-ACEC53A74204}"
EndProject

Global
	GlobalSection(SolutionConfigurationPlatforms) = preSolution
		Debug|Any CPU = Debug|Any CPU
		Release|Any CPU = Release|Any CPU
	EndGlobalSection
	GlobalSection(ProjectConfigurationPlatforms) = postSolution
		{A1B2C3D4-E5F6-7890-ABCD-EF1234567890}.Debug|Any CPU.ActiveCfg = Debug|Any CPU
		{A1B2C3D4-E5F6-7890-ABCD-EF1234567890}.Debug|Any CPU.Build.0 = Debug|Any CPU
		{A1B2C3D4-E5F6-7890-ABCD-EF1234567890}.Release|Any CPU.ActiveCfg = Release|Any CPU
		{A1B2C3D4-E5F6-7890-ABCD-EF1234567890}.Release|Any CPU.Build.0 = Release|Any CPU
		{ABF22F5F-5802-468B-9427-3F473C53999E}.Debug|Any CPU.ActiveCfg = Debug|Any CPU
		{ABF22F5F-5802-468B-9427-3F473C53999E}.Debug|Any CPU.Build.0 = Debug|Any CPU
		{ABF22F5F-5802-468B-9427-3F473C53999E}.Release|Any CPU.ActiveCfg = Release|Any CPU
		{ABF22F5F-5802-468B-9427-3F473C53999E}.Release|Any CPU.Build.0 = Release|Any CPU
		{63F61B98-3F81-448F-9A19-ACEC53A74204}.Debug|Any CPU.ActiveCfg = Debug|Any CPU
		{63F61B98-3F81-448F-9A19-ACEC53A74204}.Debug|Any CPU.Build.0 = Debug|Any CPU
		{63F61B98-3F81-448F-9A19-ACEC53A74204}.Release|Any CPU.ActiveCfg = Release|Any CPU
		{63F61B98-3F81-448F-9A19-ACEC53A74204}.Release|Any CPU.Build.0 = Release|Any CPU
	EndGlobalSection
	GlobalSection(SolutionProperties) = preSolution
		HideSolutionNode = FALSE
	EndGlobalSection
	GlobalSection(ExtensibilityGlobals) = postSolution
		SolutionGuid = {12345678-1234-5678-9ABC-DEF123456789}
	EndGlobalSection
EndGlobal
